// !$*UTF8*$!
{
	archiveVersion = 1;
	classes = {
	};
	objectVersion = 51;
	objects = {

/* Begin PBXBuildFile section */
		30726640241AAA6B0030A62B /* AppDelegate.swift in Sources */ = {isa = PBXBuildFile; fileRef = 3072663F241AAA6B0030A62B /* AppDelegate.swift */; };
		30726642241AAA6B0030A62B /* SceneDelegate.swift in Sources */ = {isa = PBXBuildFile; fileRef = 30726641241AAA6B0030A62B /* SceneDelegate.swift */; };
		30726647241AAA6B0030A62B /* Main.storyboard in Resources */ = {isa = PBXBuildFile; fileRef = 30726645241AAA6B0030A62B /* Main.storyboard */; };
		30726649241AAA740030A62B /* Assets.xcassets in Resources */ = {isa = PBXBuildFile; fileRef = 30726648241AAA740030A62B /* Assets.xcassets */; };
		3072664C241AAA740030A62B /* LaunchScreen.storyboard in Resources */ = {isa = PBXBuildFile; fileRef = 3072664A241AAA740030A62B /* LaunchScreen.storyboard */; };
		30726657241AAA740030A62B /* ParstagramTests.swift in Sources */ = {isa = PBXBuildFile; fileRef = 30726656241AAA740030A62B /* ParstagramTests.swift */; };
		30726662241AAA740030A62B /* ParstagramUITests.swift in Sources */ = {isa = PBXBuildFile; fileRef = 30726661241AAA740030A62B /* ParstagramUITests.swift */; };
		30726670241F20880030A62B /* LoginViewController.swift in Sources */ = {isa = PBXBuildFile; fileRef = 3072666F241F20880030A62B /* LoginViewController.swift */; };
		30726672241F20A60030A62B /* FeedViewController.swift in Sources */ = {isa = PBXBuildFile; fileRef = 30726671241F20A60030A62B /* FeedViewController.swift */; };
		30726674241F2BAC0030A62B /* CameraViewController.swift in Sources */ = {isa = PBXBuildFile; fileRef = 30726673241F2BAC0030A62B /* CameraViewController.swift */; };
		30726676241FFB540030A62B /* PostCell.swift in Sources */ = {isa = PBXBuildFile; fileRef = 30726675241FFB540030A62B /* PostCell.swift */; };
		30726678242697480030A62B /* CommentCell.swift in Sources */ = {isa = PBXBuildFile; fileRef = 30726677242697480030A62B /* CommentCell.swift */; };
		BF1484109C7239930C012FC8 /* Pods_Parstagram.framework in Frameworks */ = {isa = PBXBuildFile; fileRef = 0417E562CB1A48E3F772CB5C /* Pods_Parstagram.framework */; };
		D17C3F1F8536B04E5804A9E2 /* Pods_ParstagramTests.framework in Frameworks */ = {isa = PBXBuildFile; fileRef = 2C9D52F54FE64ECBA0A6C014 /* Pods_ParstagramTests.framework */; };
		E681093FC2280B8A0BC2A58F /* Pods_Parstagram_ParstagramUITests.framework in Frameworks */ = {isa = PBXBuildFile; fileRef = 2FDD0BFC4AEE44E481A3BA6C /* Pods_Parstagram_ParstagramUITests.framework */; };
/* End PBXBuildFile section */

/* Begin PBXContainerItemProxy section */
		30726653241AAA740030A62B /* PBXContainerItemProxy */ = {
			isa = PBXContainerItemProxy;
			containerPortal = 30726634241AAA6B0030A62B /* Project object */;
			proxyType = 1;
			remoteGlobalIDString = 3072663B241AAA6B0030A62B;
			remoteInfo = Parstagram;
		};
		3072665E241AAA740030A62B /* PBXContainerItemProxy */ = {
			isa = PBXContainerItemProxy;
			containerPortal = 30726634241AAA6B0030A62B /* Project object */;
			proxyType = 1;
			remoteGlobalIDString = 3072663B241AAA6B0030A62B;
			remoteInfo = Parstagram;
		};
/* End PBXContainerItemProxy section */

/* Begin PBXFileReference section */
		0417E562CB1A48E3F772CB5C /* Pods_Parstagram.framework */ = {isa = PBXFileReference; explicitFileType = wrapper.framework; includeInIndex = 0; path = Pods_Parstagram.framework; sourceTree = BUILT_PRODUCTS_DIR; };
		2C9D52F54FE64ECBA0A6C014 /* Pods_ParstagramTests.framework */ = {isa = PBXFileReference; explicitFileType = wrapper.framework; includeInIndex = 0; path = Pods_ParstagramTests.framework; sourceTree = BUILT_PRODUCTS_DIR; };
		2FDD0BFC4AEE44E481A3BA6C /* Pods_Parstagram_ParstagramUITests.framework */ = {isa = PBXFileReference; explicitFileType = wrapper.framework; includeInIndex = 0; path = Pods_Parstagram_ParstagramUITests.framework; sourceTree = BUILT_PRODUCTS_DIR; };
		3072663C241AAA6B0030A62B /* Parstagram.app */ = {isa = PBXFileReference; explicitFileType = wrapper.application; includeInIndex = 0; path = Parstagram.app; sourceTree = BUILT_PRODUCTS_DIR; };
		3072663F241AAA6B0030A62B /* AppDelegate.swift */ = {isa = PBXFileReference; lastKnownFileType = sourcecode.swift; path = AppDelegate.swift; sourceTree = "<group>"; };
		30726641241AAA6B0030A62B /* SceneDelegate.swift */ = {isa = PBXFileReference; lastKnownFileType = sourcecode.swift; path = SceneDelegate.swift; sourceTree = "<group>"; };
		30726646241AAA6B0030A62B /* Base */ = {isa = PBXFileReference; lastKnownFileType = file.storyboard; name = Base; path = Base.lproj/Main.storyboard; sourceTree = "<group>"; };
		30726648241AAA740030A62B /* Assets.xcassets */ = {isa = PBXFileReference; lastKnownFileType = folder.assetcatalog; path = Assets.xcassets; sourceTree = "<group>"; };
		3072664B241AAA740030A62B /* Base */ = {isa = PBXFileReference; lastKnownFileType = file.storyboard; name = Base; path = Base.lproj/LaunchScreen.storyboard; sourceTree = "<group>"; };
		3072664D241AAA740030A62B /* Info.plist */ = {isa = PBXFileReference; lastKnownFileType = text.plist.xml; path = Info.plist; sourceTree = "<group>"; };
		30726652241AAA740030A62B /* ParstagramTests.xctest */ = {isa = PBXFileReference; explicitFileType = wrapper.cfbundle; includeInIndex = 0; path = ParstagramTests.xctest; sourceTree = BUILT_PRODUCTS_DIR; };
		30726656241AAA740030A62B /* ParstagramTests.swift */ = {isa = PBXFileReference; lastKnownFileType = sourcecode.swift; path = ParstagramTests.swift; sourceTree = "<group>"; };
		30726658241AAA740030A62B /* Info.plist */ = {isa = PBXFileReference; lastKnownFileType = text.plist.xml; path = Info.plist; sourceTree = "<group>"; };
		3072665D241AAA740030A62B /* ParstagramUITests.xctest */ = {isa = PBXFileReference; explicitFileType = wrapper.cfbundle; includeInIndex = 0; path = ParstagramUITests.xctest; sourceTree = BUILT_PRODUCTS_DIR; };
		30726661241AAA740030A62B /* ParstagramUITests.swift */ = {isa = PBXFileReference; lastKnownFileType = sourcecode.swift; path = ParstagramUITests.swift; sourceTree = "<group>"; };
		30726663241AAA740030A62B /* Info.plist */ = {isa = PBXFileReference; lastKnownFileType = text.plist.xml; path = Info.plist; sourceTree = "<group>"; };
		3072666F241F20880030A62B /* LoginViewController.swift */ = {isa = PBXFileReference; lastKnownFileType = sourcecode.swift; path = LoginViewController.swift; sourceTree = "<group>"; };
		30726671241F20A60030A62B /* FeedViewController.swift */ = {isa = PBXFileReference; lastKnownFileType = sourcecode.swift; path = FeedViewController.swift; sourceTree = "<group>"; };
		30726673241F2BAC0030A62B /* CameraViewController.swift */ = {isa = PBXFileReference; lastKnownFileType = sourcecode.swift; path = CameraViewController.swift; sourceTree = "<group>"; };
		30726675241FFB540030A62B /* PostCell.swift */ = {isa = PBXFileReference; lastKnownFileType = sourcecode.swift; path = PostCell.swift; sourceTree = "<group>"; };
		30726677242697480030A62B /* CommentCell.swift */ = {isa = PBXFileReference; lastKnownFileType = sourcecode.swift; path = CommentCell.swift; sourceTree = "<group>"; };
		3E9EC24586128EFE6A121BAC /* Pods-Parstagram.release.xcconfig */ = {isa = PBXFileReference; includeInIndex = 1; lastKnownFileType = text.xcconfig; name = "Pods-Parstagram.release.xcconfig"; path = "Target Support Files/Pods-Parstagram/Pods-Parstagram.release.xcconfig"; sourceTree = "<group>"; };
		65E2BF9969C7665B4E60FDEE /* Pods-Parstagram-ParstagramUITests.release.xcconfig */ = {isa = PBXFileReference; includeInIndex = 1; lastKnownFileType = text.xcconfig; name = "Pods-Parstagram-ParstagramUITests.release.xcconfig"; path = "Target Support Files/Pods-Parstagram-ParstagramUITests/Pods-Parstagram-ParstagramUITests.release.xcconfig"; sourceTree = "<group>"; };
		A92C778C1C3CBCFFC8CED7CF /* Pods-ParstagramTests.release.xcconfig */ = {isa = PBXFileReference; includeInIndex = 1; lastKnownFileType = text.xcconfig; name = "Pods-ParstagramTests.release.xcconfig"; path = "Target Support Files/Pods-ParstagramTests/Pods-ParstagramTests.release.xcconfig"; sourceTree = "<group>"; };
		D2731BD07C741B6C5A70EA69 /* Pods-Parstagram.debug.xcconfig */ = {isa = PBXFileReference; includeInIndex = 1; lastKnownFileType = text.xcconfig; name = "Pods-Parstagram.debug.xcconfig"; path = "Target Support Files/Pods-Parstagram/Pods-Parstagram.debug.xcconfig"; sourceTree = "<group>"; };
		D304DD6858900DBD259DE87B /* Pods-ParstagramTests.debug.xcconfig */ = {isa = PBXFileReference; includeInIndex = 1; lastKnownFileType = text.xcconfig; name = "Pods-ParstagramTests.debug.xcconfig"; path = "Target Support Files/Pods-ParstagramTests/Pods-ParstagramTests.debug.xcconfig"; sourceTree = "<group>"; };
		E3BFF228A4A55491733E9F32 /* Pods-Parstagram-ParstagramUITests.debug.xcconfig */ = {isa = PBXFileReference; includeInIndex = 1; lastKnownFileType = text.xcconfig; name = "Pods-Parstagram-ParstagramUITests.debug.xcconfig"; path = "Target Support Files/Pods-Parstagram-ParstagramUITests/Pods-Parstagram-ParstagramUITests.debug.xcconfig"; sourceTree = "<group>"; };
/* End PBXFileReference section */

/* Begin PBXFrameworksBuildPhase section */
		30726639241AAA6B0030A62B /* Frameworks */ = {
			isa = PBXFrameworksBuildPhase;
			buildActionMask = 2147483647;
			files = (
				BF1484109C7239930C012FC8 /* Pods_Parstagram.framework in Frameworks */,
			);
			runOnlyForDeploymentPostprocessing = 0;
		};
		3072664F241AAA740030A62B /* Frameworks */ = {
			isa = PBXFrameworksBuildPhase;
			buildActionMask = 2147483647;
			files = (
				D17C3F1F8536B04E5804A9E2 /* Pods_ParstagramTests.framework in Frameworks */,
			);
			runOnlyForDeploymentPostprocessing = 0;
		};
		3072665A241AAA740030A62B /* Frameworks */ = {
			isa = PBXFrameworksBuildPhase;
			buildActionMask = 2147483647;
			files = (
				E681093FC2280B8A0BC2A58F /* Pods_Parstagram_ParstagramUITests.framework in Frameworks */,
			);
			runOnlyForDeploymentPostprocessing = 0;
		};
/* End PBXFrameworksBuildPhase section */

/* Begin PBXGroup section */
		19F716B132F800CDCCE81C46 /* Frameworks */ = {
			isa = PBXGroup;
			children = (
				0417E562CB1A48E3F772CB5C /* Pods_Parstagram.framework */,
				2FDD0BFC4AEE44E481A3BA6C /* Pods_Parstagram_ParstagramUITests.framework */,
				2C9D52F54FE64ECBA0A6C014 /* Pods_ParstagramTests.framework */,
			);
			name = Frameworks;
			sourceTree = "<group>";
		};
		30726633241AAA6B0030A62B = {
			isa = PBXGroup;
			children = (
				3072663E241AAA6B0030A62B /* Parstagram */,
				30726655241AAA740030A62B /* ParstagramTests */,
				30726660241AAA740030A62B /* ParstagramUITests */,
				3072663D241AAA6B0030A62B /* Products */,
				C01AF063B7AA560DA93DCD4B /* Pods */,
				19F716B132F800CDCCE81C46 /* Frameworks */,
			);
			sourceTree = "<group>";
		};
		3072663D241AAA6B0030A62B /* Products */ = {
			isa = PBXGroup;
			children = (
				3072663C241AAA6B0030A62B /* Parstagram.app */,
				30726652241AAA740030A62B /* ParstagramTests.xctest */,
				3072665D241AAA740030A62B /* ParstagramUITests.xctest */,
			);
			name = Products;
			sourceTree = "<group>";
		};
		3072663E241AAA6B0030A62B /* Parstagram */ = {
			isa = PBXGroup;
			children = (
				3072663F241AAA6B0030A62B /* AppDelegate.swift */,
				30726641241AAA6B0030A62B /* SceneDelegate.swift */,
				30726645241AAA6B0030A62B /* Main.storyboard */,
				30726648241AAA740030A62B /* Assets.xcassets */,
				3072664A241AAA740030A62B /* LaunchScreen.storyboard */,
				3072664D241AAA740030A62B /* Info.plist */,
				3072666F241F20880030A62B /* LoginViewController.swift */,
				30726671241F20A60030A62B /* FeedViewController.swift */,
				30726673241F2BAC0030A62B /* CameraViewController.swift */,
				30726675241FFB540030A62B /* PostCell.swift */,
				30726677242697480030A62B /* CommentCell.swift */,
			);
			path = Parstagram;
			sourceTree = "<group>";
		};
		30726655241AAA740030A62B /* ParstagramTests */ = {
			isa = PBXGroup;
			children = (
				30726656241AAA740030A62B /* ParstagramTests.swift */,
				30726658241AAA740030A62B /* Info.plist */,
			);
			path = ParstagramTests;
			sourceTree = "<group>";
		};
		30726660241AAA740030A62B /* ParstagramUITests */ = {
			isa = PBXGroup;
			children = (
				30726661241AAA740030A62B /* ParstagramUITests.swift */,
				30726663241AAA740030A62B /* Info.plist */,
			);
			path = ParstagramUITests;
			sourceTree = "<group>";
		};
		C01AF063B7AA560DA93DCD4B /* Pods */ = {
			isa = PBXGroup;
			children = (
				D2731BD07C741B6C5A70EA69 /* Pods-Parstagram.debug.xcconfig */,
				3E9EC24586128EFE6A121BAC /* Pods-Parstagram.release.xcconfig */,
				E3BFF228A4A55491733E9F32 /* Pods-Parstagram-ParstagramUITests.debug.xcconfig */,
				65E2BF9969C7665B4E60FDEE /* Pods-Parstagram-ParstagramUITests.release.xcconfig */,
				D304DD6858900DBD259DE87B /* Pods-ParstagramTests.debug.xcconfig */,
				A92C778C1C3CBCFFC8CED7CF /* Pods-ParstagramTests.release.xcconfig */,
			);
			path = Pods;
			sourceTree = "<group>";
		};
/* End PBXGroup section */

/* Begin PBXNativeTarget section */
		3072663B241AAA6B0030A62B /* Parstagram */ = {
			isa = PBXNativeTarget;
			buildConfigurationList = 30726666241AAA740030A62B /* Build configuration list for PBXNativeTarget "Parstagram" */;
			buildPhases = (
				CAAF4E8832B3D47193E2DB71 /* [CP] Check Pods Manifest.lock */,
				30726638241AAA6B0030A62B /* Sources */,
				30726639241AAA6B0030A62B /* Frameworks */,
				3072663A241AAA6B0030A62B /* Resources */,
				362D6D17E7260671B2D63CD2 /* [CP] Embed Pods Frameworks */,
			);
			buildRules = (
			);
			dependencies = (
			);
			name = Parstagram;
			productName = Parstagram;
			productReference = 3072663C241AAA6B0030A62B /* Parstagram.app */;
			productType = "com.apple.product-type.application";
		};
		30726651241AAA740030A62B /* ParstagramTests */ = {
			isa = PBXNativeTarget;
			buildConfigurationList = 30726669241AAA740030A62B /* Build configuration list for PBXNativeTarget "ParstagramTests" */;
			buildPhases = (
				BE139369079E86C522E0980D /* [CP] Check Pods Manifest.lock */,
				3072664E241AAA740030A62B /* Sources */,
				3072664F241AAA740030A62B /* Frameworks */,
				30726650241AAA740030A62B /* Resources */,
			);
			buildRules = (
			);
			dependencies = (
				30726654241AAA740030A62B /* PBXTargetDependency */,
			);
			name = ParstagramTests;
			productName = ParstagramTests;
			productReference = 30726652241AAA740030A62B /* ParstagramTests.xctest */;
			productType = "com.apple.product-type.bundle.unit-test";
		};
		3072665C241AAA740030A62B /* ParstagramUITests */ = {
			isa = PBXNativeTarget;
			buildConfigurationList = 3072666C241AAA740030A62B /* Build configuration list for PBXNativeTarget "ParstagramUITests" */;
			buildPhases = (
				CCFFFE13394A6576327A0804 /* [CP] Check Pods Manifest.lock */,
				30726659241AAA740030A62B /* Sources */,
				3072665A241AAA740030A62B /* Frameworks */,
				3072665B241AAA740030A62B /* Resources */,
				8B17DFF8E11B1DA441ADB832 /* [CP] Embed Pods Frameworks */,
			);
			buildRules = (
			);
			dependencies = (
				3072665F241AAA740030A62B /* PBXTargetDependency */,
			);
			name = ParstagramUITests;
			productName = ParstagramUITests;
			productReference = 3072665D241AAA740030A62B /* ParstagramUITests.xctest */;
			productType = "com.apple.product-type.bundle.ui-testing";
		};
/* End PBXNativeTarget section */

/* Begin PBXProject section */
		30726634241AAA6B0030A62B /* Project object */ = {
			isa = PBXProject;
			attributes = {
				LastSwiftUpdateCheck = 1130;
				LastUpgradeCheck = 1130;
				ORGANIZATIONNAME = codepath;
				TargetAttributes = {
					3072663B241AAA6B0030A62B = {
						CreatedOnToolsVersion = 11.3.1;
					};
					30726651241AAA740030A62B = {
						CreatedOnToolsVersion = 11.3.1;
						TestTargetID = 3072663B241AAA6B0030A62B;
					};
					3072665C241AAA740030A62B = {
						CreatedOnToolsVersion = 11.3.1;
						TestTargetID = 3072663B241AAA6B0030A62B;
					};
				};
			};
			buildConfigurationList = 30726637241AAA6B0030A62B /* Build configuration list for PBXProject "Parstagram" */;
			compatibilityVersion = "Xcode 9.3";
			developmentRegion = en;
			hasScannedForEncodings = 0;
			knownRegions = (
				en,
				Base,
			);
			mainGroup = 30726633241AAA6B0030A62B;
			productRefGroup = 3072663D241AAA6B0030A62B /* Products */;
			projectDirPath = "";
			projectRoot = "";
			targets = (
				3072663B241AAA6B0030A62B /* Parstagram */,
				30726651241AAA740030A62B /* ParstagramTests */,
				3072665C241AAA740030A62B /* ParstagramUITests */,
			);
		};
/* End PBXProject section */

/* Begin PBXResourcesBuildPhase section */
		3072663A241AAA6B0030A62B /* Resources */ = {
			isa = PBXResourcesBuildPhase;
			buildActionMask = 2147483647;
			files = (
				3072664C241AAA740030A62B /* LaunchScreen.storyboard in Resources */,
				30726649241AAA740030A62B /* Assets.xcassets in Resources */,
				30726647241AAA6B0030A62B /* Main.storyboard in Resources */,
			);
			runOnlyForDeploymentPostprocessing = 0;
		};
		30726650241AAA740030A62B /* Resources */ = {
			isa = PBXResourcesBuildPhase;
			buildActionMask = 2147483647;
			files = (
			);
			runOnlyForDeploymentPostprocessing = 0;
		};
		3072665B241AAA740030A62B /* Resources */ = {
			isa = PBXResourcesBuildPhase;
			buildActionMask = 2147483647;
			files = (
			);
			runOnlyForDeploymentPostprocessing = 0;
		};
/* End PBXResourcesBuildPhase section */

/* Begin PBXShellScriptBuildPhase section */
		362D6D17E7260671B2D63CD2 /* [CP] Embed Pods Frameworks */ = {
			isa = PBXShellScriptBuildPhase;
			buildActionMask = 2147483647;
			files = (
			);
			inputFileListPaths = (
				"${PODS_ROOT}/Target Support Files/Pods-Parstagram/Pods-Parstagram-frameworks-${CONFIGURATION}-input-files.xcfilelist",
			);
			name = "[CP] Embed Pods Frameworks";
			outputFileListPaths = (
				"${PODS_ROOT}/Target Support Files/Pods-Parstagram/Pods-Parstagram-frameworks-${CONFIGURATION}-output-files.xcfilelist",
			);
			runOnlyForDeploymentPostprocessing = 0;
			shellPath = /bin/sh;
			shellScript = "\"${PODS_ROOT}/Target Support Files/Pods-Parstagram/Pods-Parstagram-frameworks.sh\"\n";
			showEnvVarsInLog = 0;
		};
		8B17DFF8E11B1DA441ADB832 /* [CP] Embed Pods Frameworks */ = {
			isa = PBXShellScriptBuildPhase;
			buildActionMask = 2147483647;
			files = (
			);
			inputFileListPaths = (
				"${PODS_ROOT}/Target Support Files/Pods-Parstagram-ParstagramUITests/Pods-Parstagram-ParstagramUITests-frameworks-${CONFIGURATION}-input-files.xcfilelist",
			);
			name = "[CP] Embed Pods Frameworks";
			outputFileListPaths = (
				"${PODS_ROOT}/Target Support Files/Pods-Parstagram-ParstagramUITests/Pods-Parstagram-ParstagramUITests-frameworks-${CONFIGURATION}-output-files.xcfilelist",
			);
			runOnlyForDeploymentPostprocessing = 0;
			shellPath = /bin/sh;
			shellScript = "\"${PODS_ROOT}/Target Support Files/Pods-Parstagram-ParstagramUITests/Pods-Parstagram-ParstagramUITests-frameworks.sh\"\n";
			showEnvVarsInLog = 0;
		};
		BE139369079E86C522E0980D /* [CP] Check Pods Manifest.lock */ = {
			isa = PBXShellScriptBuildPhase;
			buildActionMask = 2147483647;
			files = (
			);
			inputFileListPaths = (
			);
			inputPaths = (
				"${PODS_PODFILE_DIR_PATH}/Podfile.lock",
				"${PODS_ROOT}/Manifest.lock",
			);
			name = "[CP] Check Pods Manifest.lock";
			outputFileListPaths = (
			);
			outputPaths = (
				"$(DERIVED_FILE_DIR)/Pods-ParstagramTests-checkManifestLockResult.txt",
			);
			runOnlyForDeploymentPostprocessing = 0;
			shellPath = /bin/sh;
			shellScript = "diff \"${PODS_PODFILE_DIR_PATH}/Podfile.lock\" \"${PODS_ROOT}/Manifest.lock\" > /dev/null\nif [ $? != 0 ] ; then\n    # print error to STDERR\n    echo \"error: The sandbox is not in sync with the Podfile.lock. Run 'pod install' or update your CocoaPods installation.\" >&2\n    exit 1\nfi\n# This output is used by Xcode 'outputs' to avoid re-running this script phase.\necho \"SUCCESS\" > \"${SCRIPT_OUTPUT_FILE_0}\"\n";
			showEnvVarsInLog = 0;
		};
		CAAF4E8832B3D47193E2DB71 /* [CP] Check Pods Manifest.lock */ = {
			isa = PBXShellScriptBuildPhase;
			buildActionMask = 2147483647;
			files = (
			);
			inputFileListPaths = (
			);
			inputPaths = (
				"${PODS_PODFILE_DIR_PATH}/Podfile.lock",
				"${PODS_ROOT}/Manifest.lock",
			);
			name = "[CP] Check Pods Manifest.lock";
			outputFileListPaths = (
			);
			outputPaths = (
				"$(DERIVED_FILE_DIR)/Pods-Parstagram-checkManifestLockResult.txt",
			);
			runOnlyForDeploymentPostprocessing = 0;
			shellPath = /bin/sh;
			shellScript = "diff \"${PODS_PODFILE_DIR_PATH}/Podfile.lock\" \"${PODS_ROOT}/Manifest.lock\" > /dev/null\nif [ $? != 0 ] ; then\n    # print error to STDERR\n    echo \"error: The sandbox is not in sync with the Podfile.lock. Run 'pod install' or update your CocoaPods installation.\" >&2\n    exit 1\nfi\n# This output is used by Xcode 'outputs' to avoid re-running this script phase.\necho \"SUCCESS\" > \"${SCRIPT_OUTPUT_FILE_0}\"\n";
			showEnvVarsInLog = 0;
		};
		CCFFFE13394A6576327A0804 /* [CP] Check Pods Manifest.lock */ = {
			isa = PBXShellScriptBuildPhase;
			buildActionMask = 2147483647;
			files = (
			);
			inputFileListPaths = (
			);
			inputPaths = (
				"${PODS_PODFILE_DIR_PATH}/Podfile.lock",
				"${PODS_ROOT}/Manifest.lock",
			);
			name = "[CP] Check Pods Manifest.lock";
			outputFileListPaths = (
			);
			outputPaths = (
				"$(DERIVED_FILE_DIR)/Pods-Parstagram-ParstagramUITests-checkManifestLockResult.txt",
			);
			runOnlyForDeploymentPostprocessing = 0;
			shellPath = /bin/sh;
			shellScript = "diff \"${PODS_PODFILE_DIR_PATH}/Podfile.lock\" \"${PODS_ROOT}/Manifest.lock\" > /dev/null\nif [ $? != 0 ] ; then\n    # print error to STDERR\n    echo \"error: The sandbox is not in sync with the Podfile.lock. Run 'pod install' or update your CocoaPods installation.\" >&2\n    exit 1\nfi\n# This output is used by Xcode 'outputs' to avoid re-running this script phase.\necho \"SUCCESS\" > \"${SCRIPT_OUTPUT_FILE_0}\"\n";
			showEnvVarsInLog = 0;
		};
/* End PBXShellScriptBuildPhase section */

/* Begin PBXSourcesBuildPhase section */
		30726638241AAA6B0030A62B /* Sources */ = {
			isa = PBXSourcesBuildPhase;
			buildActionMask = 2147483647;
			files = (
				30726670241F20880030A62B /* LoginViewController.swift in Sources */,
				30726674241F2BAC0030A62B /* CameraViewController.swift in Sources */,
				30726640241AAA6B0030A62B /* AppDelegate.swift in Sources */,
				30726672241F20A60030A62B /* FeedViewController.swift in Sources */,
				30726642241AAA6B0030A62B /* SceneDelegate.swift in Sources */,
				30726676241FFB540030A62B /* PostCell.swift in Sources */,
				30726678242697480030A62B /* CommentCell.swift in Sources */,
			);
			runOnlyForDeploymentPostprocessing = 0;
		};
		3072664E241AAA740030A62B /* Sources */ = {
			isa = PBXSourcesBuildPhase;
			buildActionMask = 2147483647;
			files = (
				30726657241AAA740030A62B /* ParstagramTests.swift in Sources */,
			);
			runOnlyForDeploymentPostprocessing = 0;
		};
		30726659241AAA740030A62B /* Sources */ = {
			isa = PBXSourcesBuildPhase;
			buildActionMask = 2147483647;
			files = (
				30726662241AAA740030A62B /* ParstagramUITests.swift in Sources */,
			);
			runOnlyForDeploymentPostprocessing = 0;
		};
/* End PBXSourcesBuildPhase section */

/* Begin PBXTargetDependency section */
		30726654241AAA740030A62B /* PBXTargetDependency */ = {
			isa = PBXTargetDependency;
			target = 3072663B241AAA6B0030A62B /* Parstagram */;
			targetProxy = 30726653241AAA740030A62B /* PBXContainerItemProxy */;
		};
		3072665F241AAA740030A62B /* PBXTargetDependency */ = {
			isa = PBXTargetDependency;
			target = 3072663B241AAA6B0030A62B /* Parstagram */;
			targetProxy = 3072665E241AAA740030A62B /* PBXContainerItemProxy */;
		};
/* End PBXTargetDependency section */

/* Begin PBXVariantGroup section */
		30726645241AAA6B0030A62B /* Main.storyboard */ = {
			isa = PBXVariantGroup;
			children = (
				30726646241AAA6B0030A62B /* Base */,
			);
			name = Main.storyboard;
			sourceTree = "<group>";
		};
		3072664A241AAA740030A62B /* LaunchScreen.storyboard */ = {
			isa = PBXVariantGroup;
			children = (
				3072664B241AAA740030A62B /* Base */,
			);
			name = LaunchScreen.storyboard;
			sourceTree = "<group>";
		};
/* End PBXVariantGroup section */

/* Begin XCBuildConfiguration section */
		30726664241AAA740030A62B /* Debug */ = {
			isa = XCBuildConfiguration;
			buildSettings = {
				ALWAYS_SEARCH_USER_PATHS = NO;
				CLANG_ANALYZER_NONNULL = YES;
				CLANG_ANALYZER_NUMBER_OBJECT_CONVERSION = YES_AGGRESSIVE;
				CLANG_CXX_LANGUAGE_STANDARD = "gnu++14";
				CLANG_CXX_LIBRARY = "libc++";
				CLANG_ENABLE_MODULES = YES;
				CLANG_ENABLE_OBJC_ARC = YES;
				CLANG_ENABLE_OBJC_WEAK = YES;
				CLANG_WARN_BLOCK_CAPTURE_AUTORELEASING = YES;
				CLANG_WARN_BOOL_CONVERSION = YES;
				CLANG_WARN_COMMA = YES;
				CLANG_WARN_CONSTANT_CONVERSION = YES;
				CLANG_WARN_DEPRECATED_OBJC_IMPLEMENTATIONS = YES;
				CLANG_WARN_DIRECT_OBJC_ISA_USAGE = YES_ERROR;
				CLANG_WARN_DOCUMENTATION_COMMENTS = YES;
				CLANG_WARN_EMPTY_BODY = YES;
				CLANG_WARN_ENUM_CONVERSION = YES;
				CLANG_WARN_INFINITE_RECURSION = YES;
				CLANG_WARN_INT_CONVERSION = YES;
				CLANG_WARN_NON_LITERAL_NULL_CONVERSION = YES;
				CLANG_WARN_OBJC_IMPLICIT_RETAIN_SELF = YES;
				CLANG_WARN_OBJC_LITERAL_CONVERSION = YES;
				CLANG_WARN_OBJC_ROOT_CLASS = YES_ERROR;
				CLANG_WARN_RANGE_LOOP_ANALYSIS = YES;
				CLANG_WARN_STRICT_PROTOTYPES = YES;
				CLANG_WARN_SUSPICIOUS_MOVE = YES;
				CLANG_WARN_UNGUARDED_AVAILABILITY = YES_AGGRESSIVE;
				CLANG_WARN_UNREACHABLE_CODE = YES;
				CLANG_WARN__DUPLICATE_METHOD_MATCH = YES;
				COPY_PHASE_STRIP = NO;
				DEBUG_INFORMATION_FORMAT = dwarf;
				ENABLE_STRICT_OBJC_MSGSEND = YES;
				ENABLE_TESTABILITY = YES;
				GCC_C_LANGUAGE_STANDARD = gnu11;
				GCC_DYNAMIC_NO_PIC = NO;
				GCC_NO_COMMON_BLOCKS = YES;
				GCC_OPTIMIZATION_LEVEL = 0;
				GCC_PREPROCESSOR_DEFINITIONS = (
					"DEBUG=1",
					"$(inherited)",
				);
				GCC_WARN_64_TO_32_BIT_CONVERSION = YES;
				GCC_WARN_ABOUT_RETURN_TYPE = YES_ERROR;
				GCC_WARN_UNDECLARED_SELECTOR = YES;
				GCC_WARN_UNINITIALIZED_AUTOS = YES_AGGRESSIVE;
				GCC_WARN_UNUSED_FUNCTION = YES;
				GCC_WARN_UNUSED_VARIABLE = YES;
				IPHONEOS_DEPLOYMENT_TARGET = 13.2;
				MTL_ENABLE_DEBUG_INFO = INCLUDE_SOURCE;
				MTL_FAST_MATH = YES;
				ONLY_ACTIVE_ARCH = YES;
				SDKROOT = iphoneos;
				SWIFT_ACTIVE_COMPILATION_CONDITIONS = DEBUG;
				SWIFT_OPTIMIZATION_LEVEL = "-Onone";
			};
			name = Debug;
		};
		30726665241AAA740030A62B /* Release */ = {
			isa = XCBuildConfiguration;
			buildSettings = {
				ALWAYS_SEARCH_USER_PATHS = NO;
				CLANG_ANALYZER_NONNULL = YES;
				CLANG_ANALYZER_NUMBER_OBJECT_CONVERSION = YES_AGGRESSIVE;
				CLANG_CXX_LANGUAGE_STANDARD = "gnu++14";
				CLANG_CXX_LIBRARY = "libc++";
				CLANG_ENABLE_MODULES = YES;
				CLANG_ENABLE_OBJC_ARC = YES;
				CLANG_ENABLE_OBJC_WEAK = YES;
				CLANG_WARN_BLOCK_CAPTURE_AUTORELEASING = YES;
				CLANG_WARN_BOOL_CONVERSION = YES;
				CLANG_WARN_COMMA = YES;
				CLANG_WARN_CONSTANT_CONVERSION = YES;
				CLANG_WARN_DEPRECATED_OBJC_IMPLEMENTATIONS = YES;
				CLANG_WARN_DIRECT_OBJC_ISA_USAGE = YES_ERROR;
				CLANG_WARN_DOCUMENTATION_COMMENTS = YES;
				CLANG_WARN_EMPTY_BODY = YES;
				CLANG_WARN_ENUM_CONVERSION = YES;
				CLANG_WARN_INFINITE_RECURSION = YES;
				CLANG_WARN_INT_CONVERSION = YES;
				CLANG_WARN_NON_LITERAL_NULL_CONVERSION = YES;
				CLANG_WARN_OBJC_IMPLICIT_RETAIN_SELF = YES;
				CLANG_WARN_OBJC_LITERAL_CONVERSION = YES;
				CLANG_WARN_OBJC_ROOT_CLASS = YES_ERROR;
				CLANG_WARN_RANGE_LOOP_ANALYSIS = YES;
				CLANG_WARN_STRICT_PROTOTYPES = YES;
				CLANG_WARN_SUSPICIOUS_MOVE = YES;
				CLANG_WARN_UNGUARDED_AVAILABILITY = YES_AGGRESSIVE;
				CLANG_WARN_UNREACHABLE_CODE = YES;
				CLANG_WARN__DUPLICATE_METHOD_MATCH = YES;
				COPY_PHASE_STRIP = NO;
				DEBUG_INFORMATION_FORMAT = "dwarf-with-dsym";
				ENABLE_NS_ASSERTIONS = NO;
				ENABLE_STRICT_OBJC_MSGSEND = YES;
				GCC_C_LANGUAGE_STANDARD = gnu11;
				GCC_NO_COMMON_BLOCKS = YES;
				GCC_WARN_64_TO_32_BIT_CONVERSION = YES;
				GCC_WARN_ABOUT_RETURN_TYPE = YES_ERROR;
				GCC_WARN_UNDECLARED_SELECTOR = YES;
				GCC_WARN_UNINITIALIZED_AUTOS = YES_AGGRESSIVE;
				GCC_WARN_UNUSED_FUNCTION = YES;
				GCC_WARN_UNUSED_VARIABLE = YES;
				IPHONEOS_DEPLOYMENT_TARGET = 13.2;
				MTL_ENABLE_DEBUG_INFO = NO;
				MTL_FAST_MATH = YES;
				SDKROOT = iphoneos;
				SWIFT_COMPILATION_MODE = wholemodule;
				SWIFT_OPTIMIZATION_LEVEL = "-O";
				VALIDATE_PRODUCT = YES;
			};
			name = Release;
		};
		30726667241AAA740030A62B /* Debug */ = {
			isa = XCBuildConfiguration;
			baseConfigurationReference = D2731BD07C741B6C5A70EA69 /* Pods-Parstagram.debug.xcconfig */;
			buildSettings = {
				ASSETCATALOG_COMPILER_APPICON_NAME = AppIcon;
				CODE_SIGN_STYLE = Automatic;
				INFOPLIST_FILE = Parstagram/Info.plist;
				LD_RUNPATH_SEARCH_PATHS = (
					"$(inherited)",
					"@executable_path/Frameworks",
				);
				PRODUCT_BUNDLE_IDENTIFIER = com.codepath.Parstagram;
				PRODUCT_NAME = "$(TARGET_NAME)";
				SWIFT_VERSION = 5.0;
				TARGETED_DEVICE_FAMILY = "1,2";
			};
			name = Debug;
		};
		30726668241AAA740030A62B /* Release */ = {
			isa = XCBuildConfiguration;
			baseConfigurationReference = 3E9EC24586128EFE6A121BAC /* Pods-Parstagram.release.xcconfig */;
			buildSettings = {
				ASSETCATALOG_COMPILER_APPICON_NAME = AppIcon;
				CODE_SIGN_STYLE = Automatic;
				INFOPLIST_FILE = Parstagram/Info.plist;
				LD_RUNPATH_SEARCH_PATHS = (
					"$(inherited)",
					"@executable_path/Frameworks",
				);
				PRODUCT_BUNDLE_IDENTIFIER = com.codepath.Parstagram;
				PRODUCT_NAME = "$(TARGET_NAME)";
				SWIFT_VERSION = 5.0;
				TARGETED_DEVICE_FAMILY = "1,2";
			};
			name = Release;
		};
		3072666A241AAA740030A62B /* Debug */ = {
			isa = XCBuildConfiguration;
			baseConfigurationReference = D304DD6858900DBD259DE87B /* Pods-ParstagramTests.debug.xcconfig */;
			buildSettings = {
				ALWAYS_EMBED_SWIFT_STANDARD_LIBRARIES = YES;
				BUNDLE_LOADER = "$(TEST_HOST)";
				CODE_SIGN_STYLE = Automatic;
				INFOPLIST_FILE = ParstagramTests/Info.plist;
				IPHONEOS_DEPLOYMENT_TARGET = 13.2;
				LD_RUNPATH_SEARCH_PATHS = (
					"$(inherited)",
					"@executable_path/Frameworks",
					"@loader_path/Frameworks",
				);
				PRODUCT_BUNDLE_IDENTIFIER = com.codepath.ParstagramTests;
				PRODUCT_NAME = "$(TARGET_NAME)";
				SWIFT_VERSION = 5.0;
				TARGETED_DEVICE_FAMILY = "1,2";
				TEST_HOST = "$(BUILT_PRODUCTS_DIR)/Parstagram.app/Parstagram";
			};
			name = Debug;
		};
		3072666B241AAA740030A62B /* Release */ = {
			isa = XCBuildConfiguration;
			baseConfigurationReference = A92C778C1C3CBCFFC8CED7CF /* Pods-ParstagramTests.release.xcconfig */;
			buildSettings = {
				ALWAYS_EMBED_SWIFT_STANDARD_LIBRARIES = YES;
				BUNDLE_LOADER = "$(TEST_HOST)";
				CODE_SIGN_STYLE = Automatic;
				INFOPLIST_FILE = ParstagramTests/Info.plist;
				IPHONEOS_DEPLOYMENT_TARGET = 13.2;
				LD_RUNPATH_SEARCH_PATHS = (
					"$(inherited)",
					"@executable_path/Frameworks",
					"@loader_path/Frameworks",
				);
				PRODUCT_BUNDLE_IDENTIFIER = com.codepath.ParstagramTests;
				PRODUCT_NAME = "$(TARGET_NAME)";
				SWIFT_VERSION = 5.0;
				TARGETED_DEVICE_FAMILY = "1,2";
				TEST_HOST = "$(BUILT_PRODUCTS_DIR)/Parstagram.app/Parstagram";
			};
			name = Release;
		};
		3072666D241AAA740030A62B /* Debug */ = {
			isa = XCBuildConfiguration;
			baseConfigurationReference = E3BFF228A4A55491733E9F32 /* Pods-Parstagram-ParstagramUITests.debug.xcconfig */;
			buildSettings = {
				ALWAYS_EMBED_SWIFT_STANDARD_LIBRARIES = YES;
				CODE_SIGN_STYLE = Automatic;
				INFOPLIST_FILE = ParstagramUITests/Info.plist;
				LD_RUNPATH_SEARCH_PATHS = (
					"$(inherited)",
					"@executable_path/Frameworks",
					"@loader_path/Frameworks",
				);
				PRODUCT_BUNDLE_IDENTIFIER = com.codepath.ParstagramUITests;
				PRODUCT_NAME = "$(TARGET_NAME)";
				SWIFT_VERSION = 5.0;
				TARGETED_DEVICE_FAMILY = "1,2";
				TEST_TARGET_NAME = Parstagram;
			};
			name = Debug;
		};
		3072666E241AAA740030A62B /* Release */ = {
			isa = XCBuildConfiguration;
			baseConfigurationReference = 65E2BF9969C7665B4E60FDEE /* Pods-Parstagram-ParstagramUITests.release.xcconfig */;
			buildSettings = {
				ALWAYS_EMBED_SWIFT_STANDARD_LIBRARIES = YES;
				CODE_SIGN_STYLE = Automatic;
				INFOPLIST_FILE = ParstagramUITests/Info.plist;
				LD_RUNPATH_SEARCH_PATHS = (
					"$(inherited)",
					"@executable_path/Frameworks",
					"@loader_path/Frameworks",
				);
				PRODUCT_BUNDLE_IDENTIFIER = com.codepath.ParstagramUITests;
				PRODUCT_NAME = "$(TARGET_NAME)";
				SWIFT_VERSION = 5.0;
				TARGETED_DEVICE_FAMILY = "1,2";
				TEST_TARGET_NAME = Parstagram;
			};
			name = Release;
		};
/* End XCBuildConfiguration section */

/* Begin XCConfigurationList section */
		30726637241AAA6B0030A62B /* Build configuration list for PBXProject "Parstagram" */ = {
			isa = XCConfigurationList;
			buildConfigurations = (
				30726664241AAA740030A62B /* Debug */,
				30726665241AAA740030A62B /* Release */,
			);
			defaultConfigurationIsVisible = 0;
			defaultConfigurationName = Release;
		};
		30726666241AAA740030A62B /* Build configuration list for PBXNativeTarget "Parstagram" */ = {
			isa = XCConfigurationList;
			buildConfigurations = (
				30726667241AAA740030A62B /* Debug */,
				30726668241AAA740030A62B /* Release */,
			);
			defaultConfigurationIsVisible = 0;
			defaultConfigurationName = Release;
		};
		30726669241AAA740030A62B /* Build configuration list for PBXNativeTarget "ParstagramTests" */ = {
			isa = XCConfigurationList;
			buildConfigurations = (
				3072666A241AAA740030A62B /* Debug */,
				3072666B241AAA740030A62B /* Release */,
			);
			defaultConfigurationIsVisible = 0;
			defaultConfigurationName = Release;
		};
		3072666C241AAA740030A62B /* Build configuration list for PBXNativeTarget "ParstagramUITests" */ = {
			isa = XCConfigurationList;
			buildConfigurations = (
				3072666D241AAA740030A62B /* Debug */,
				3072666E241AAA740030A62B /* Release */,
			);
			defaultConfigurationIsVisible = 0;
			defaultConfigurationName = Release;
		};
/* End XCConfigurationList section */
	};
	rootObject = 30726634241AAA6B0030A62B /* Project object */;
}
